
Microsoft Visual Studio Solution File, Format Version 12.00
# Visual Studio Version 16
VisualStudioVersion = 16.0.28803.202
MinimumVisualStudioVersion = 10.0.40219.1
Project("{9A19103F-16F7-4668-BE54-9A1E7A4F7556}") = "Rockhoundr", "Rockhounder\Rockhoundr.csproj", "{33599F74-19D3-4CC6-8800-AFFE709CDFA2}"
EndProject
Global
	GlobalSection(SolutionConfigurationPlatforms) = preSolution
		Debug|Any CPU = Debug|Any CPU
		Release|Any CPU = Release|Any CPU
	EndGlobalSection
	GlobalSection(ProjectConfigurationPlatforms) = postSolution
		{33599F74-19D3-4CC6-8800-AFFE709CDFA2}.Debug|Any CPU.ActiveCfg = Debug|Any CPU
		{33599F74-19D3-4CC6-8800-AFFE709CDFA2}.Debug|Any CPU.Build.0 = Debug|Any CPU
		{33599F74-19D3-4CC6-8800-AFFE709CDFA2}.Release|Any CPU.ActiveCfg = Release|Any CPU
		{33599F74-19D3-4CC6-8800-AFFE709CDFA2}.Release|Any CPU.Build.0 = Release|Any CPU
	EndGlobalSection
	GlobalSection(SolutionProperties) = preSolution
		HideSolutionNode = FALSE
	EndGlobalSection
	GlobalSection(ExtensibilityGlobals) = postSolution
		SolutionGuid = {561E06E1-2D18-4E06-808A-22522CB735CD}
	EndGlobalSection
EndGlobal
